
Microsoft Visual Studio Solution File, Format Version 12.00
# Visual Studio Version 17
VisualStudioVersion = 17.13.35919.96 d17.13
MinimumVisualStudioVersion = 10.0.40219.1
Project("{FAE04EC0-301F-11D3-BF4B-00C04F79EFBC}") = "formApp", "formApp\formApp.csproj", "{5A3F8A7E-B4E0-4EA9-8E32-BB93E6123B04}"
EndProject
Global
	GlobalSection(SolutionConfigurationPlatforms) = preSolution
		Debug|Any CPU = Debug|Any CPU
		Release|Any CPU = Release|Any CPU
	EndGlobalSection
	GlobalSection(ProjectConfigurationPlatforms) = postSolution
		{5A3F8A7E-B4E0-4EA9-8E32-BB93E6123B04}.Debug|Any CPU.ActiveCfg = Debug|Any CPU
		{5A3F8A7E-B4E0-4EA9-8E32-BB93E6123B04}.Debug|Any CPU.Build.0 = Debug|Any CPU
		{5A3F8A7E-B4E0-4EA9-8E32-BB93E6123B04}.Release|Any CPU.ActiveCfg = Release|Any CPU
		{5A3F8A7E-B4E0-4EA9-8E32-BB93E6123B04}.Release|Any CPU.Build.0 = Release|Any CPU
	EndGlobalSection
	GlobalSection(SolutionProperties) = preSolution
		HideSolutionNode = FALSE
	EndGlobalSection
	GlobalSection(ExtensibilityGlobals) = postSolution
		SolutionGuid = {3EAD04C1-3EFF-4775-A36B-A17DF9B104BA}
	EndGlobalSection
EndGlobal
