
Microsoft Visual Studio Solution File, Format Version 12.00
# Visual Studio Version 17
VisualStudioVersion = 17.13.35919.96 d17.13
MinimumVisualStudioVersion = 10.0.40219.1
Project("{FAE04EC0-301F-11D3-BF4B-00C04F79EFBC}") = "TShirtOrderCalculator", "TShirtOrderCalculator.csproj", "{925EB8ED-0512-430E-805F-3907194A1691}"
EndProject
Global
	GlobalSection(SolutionConfigurationPlatforms) = preSolution
		Debug|Any CPU = Debug|Any CPU
		Release|Any CPU = Release|Any CPU
	EndGlobalSection
	GlobalSection(ProjectConfigurationPlatforms) = postSolution
		{925EB8ED-0512-430E-805F-3907194A1691}.Debug|Any CPU.ActiveCfg = Debug|Any CPU
		{925EB8ED-0512-430E-805F-3907194A1691}.Debug|Any CPU.Build.0 = Debug|Any CPU
		{925EB8ED-0512-430E-805F-3907194A1691}.Release|Any CPU.ActiveCfg = Release|Any CPU
		{925EB8ED-0512-430E-805F-3907194A1691}.Release|Any CPU.Build.0 = Release|Any CPU
	EndGlobalSection
	GlobalSection(SolutionProperties) = preSolution
		HideSolutionNode = FALSE
	EndGlobalSection
	GlobalSection(ExtensibilityGlobals) = postSolution
		SolutionGuid = {9F33AA76-7096-4DB2-9E63-3B9D1165642A}
	EndGlobalSection
EndGlobal
