
Microsoft Visual Studio Solution File, Format Version 12.00
# Visual Studio Version 17
VisualStudioVersion = 17.4.33110.190
MinimumVisualStudioVersion = 10.0.40219.1
Project("{FAE04EC0-301F-11D3-BF4B-00C04F79EFBC}") = "assignment3", "assignment3.csproj", "{C87ED1CE-CF9D-4DAA-98A1-52823BCFDAD4}"
EndProject
Global
	GlobalSection(SolutionConfigurationPlatforms) = preSolution
		Debug|Any CPU = Debug|Any CPU
		Release|Any CPU = Release|Any CPU
	EndGlobalSection
	GlobalSection(ProjectConfigurationPlatforms) = postSolution
		{C87ED1CE-CF9D-4DAA-98A1-52823BCFDAD4}.Debug|Any CPU.ActiveCfg = Debug|Any CPU
		{C87ED1CE-CF9D-4DAA-98A1-52823BCFDAD4}.Debug|Any CPU.Build.0 = Debug|Any CPU
		{C87ED1CE-CF9D-4DAA-98A1-52823BCFDAD4}.Release|Any CPU.ActiveCfg = Release|Any CPU
		{C87ED1CE-CF9D-4DAA-98A1-52823BCFDAD4}.Release|Any CPU.Build.0 = Release|Any CPU
	EndGlobalSection
	GlobalSection(SolutionProperties) = preSolution
		HideSolutionNode = FALSE
	EndGlobalSection
	GlobalSection(ExtensibilityGlobals) = postSolution
		SolutionGuid = {1E46D619-BF16-4237-8202-725DA8B5CB95}
	EndGlobalSection
EndGlobal
