
Microsoft Visual Studio Solution File, Format Version 12.00
# Visual Studio Version 17
VisualStudioVersion = 17.13.35919.96 d17.13
MinimumVisualStudioVersion = 10.0.40219.1
Project("{FAE04EC0-301F-11D3-BF4B-00C04F79EFBC}") = "Polymorphism", "Polymorphism.csproj", "{049C4A38-780D-49B7-9786-DF7F3D7DD619}"
EndProject
Global
	GlobalSection(SolutionConfigurationPlatforms) = preSolution
		Debug|Any CPU = Debug|Any CPU
		Release|Any CPU = Release|Any CPU
	EndGlobalSection
	GlobalSection(ProjectConfigurationPlatforms) = postSolution
		{049C4A38-780D-49B7-9786-DF7F3D7DD619}.Debug|Any CPU.ActiveCfg = Debug|Any CPU
		{049C4A38-780D-49B7-9786-DF7F3D7DD619}.Debug|Any CPU.Build.0 = Debug|Any CPU
		{049C4A38-780D-49B7-9786-DF7F3D7DD619}.Release|Any CPU.ActiveCfg = Release|Any CPU
		{049C4A38-780D-49B7-9786-DF7F3D7DD619}.Release|Any CPU.Build.0 = Release|Any CPU
	EndGlobalSection
	GlobalSection(SolutionProperties) = preSolution
		HideSolutionNode = FALSE
	EndGlobalSection
	GlobalSection(ExtensibilityGlobals) = postSolution
		SolutionGuid = {8B813ADA-C577-4B49-9FE8-7E4B4AF7EE1E}
	EndGlobalSection
EndGlobal
